<?xml version="1.0" encoding="utf-8"?>
<Project ToolsVersion="14.0" xmlns="http://schemas.microsoft.com/developer/msbuild/2003">
  <ItemGroup>
    <ClCompile Include="C:\Users\Howie\Documents\GitHub\peopleFlow\src\openpose\3d\cameraParameterReader.cpp">
      <Filter>Source Files\3d</Filter>
    </ClCompile>
    <ClCompile Include="C:\Users\Howie\Documents\GitHub\peopleFlow\src\openpose\3d\defineTemplates.cpp">
      <Filter>Source Files\3d</Filter>
    </ClCompile>
    <ClCompile Include="C:\Users\Howie\Documents\GitHub\peopleFlow\src\openpose\3d\jointAngleEstimation.cpp">
      <Filter>Source Files\3d</Filter>
    </ClCompile>
    <ClCompile Include="C:\Users\Howie\Documents\GitHub\peopleFlow\src\openpose\3d\poseTriangulation.cpp">
      <Filter>Source Files\3d</Filter>
    </ClCompile>
    <ClCompile Include="C:\Users\Howie\Documents\GitHub\peopleFlow\src\openpose\calibration\cameraParameterEstimation.cpp">
      <Filter>Source Files\calibration</Filter>
    </ClCompile>
    <ClCompile Include="C:\Users\Howie\Documents\GitHub\peopleFlow\src\openpose\calibration\gridPatternFunctions.cpp">
      <Filter>Source Files\calibration</Filter>
    </ClCompile>
    <ClCompile Include="C:\Users\Howie\Documents\GitHub\peopleFlow\src\openpose\core\array.cpp">
      <Filter>Source Files\core</Filter>
    </ClCompile>
    <ClCompile Include="C:\Users\Howie\Documents\GitHub\peopleFlow\src\openpose\core\cvMatToOpInput.cpp">
      <Filter>Source Files\core</Filter>
    </ClCompile>
    <ClCompile Include="C:\Users\Howie\Documents\GitHub\peopleFlow\src\openpose\core\cvMatToOpOutput.cpp">
      <Filter>Source Files\core</Filter>
    </ClCompile>
    <ClCompile Include="C:\Users\Howie\Documents\GitHub\peopleFlow\src\openpose\core\datum.cpp">
      <Filter>Source Files\core</Filter>
    </ClCompile>
    <ClCompile Include="C:\Users\Howie\Documents\GitHub\peopleFlow\src\openpose\core\defineTemplates.cpp">
      <Filter>Source Files\core</Filter>
    </ClCompile>
    <ClCompile Include="C:\Users\Howie\Documents\GitHub\peopleFlow\src\openpose\core\gpuRenderer.cpp">
      <Filter>Source Files\core</Filter>
    </ClCompile>
    <ClCompile Include="C:\Users\Howie\Documents\GitHub\peopleFlow\src\openpose\core\keepTopNPeople.cpp">
      <Filter>Source Files\core</Filter>
    </ClCompile>
    <ClCompile Include="C:\Users\Howie\Documents\GitHub\peopleFlow\src\openpose\core\keypointScaler.cpp">
      <Filter>Source Files\core</Filter>
    </ClCompile>
    <ClCompile Include="C:\Users\Howie\Documents\GitHub\peopleFlow\src\openpose\core\opOutputToCvMat.cpp">
      <Filter>Source Files\core</Filter>
    </ClCompile>
    <ClCompile Include="C:\Users\Howie\Documents\GitHub\peopleFlow\src\openpose\core\point.cpp">
      <Filter>Source Files\core</Filter>
    </ClCompile>
    <ClCompile Include="C:\Users\Howie\Documents\GitHub\peopleFlow\src\openpose\core\rectangle.cpp">
      <Filter>Source Files\core</Filter>
    </ClCompile>
    <ClCompile Include="C:\Users\Howie\Documents\GitHub\peopleFlow\src\openpose\core\renderer.cpp">
      <Filter>Source Files\core</Filter>
    </ClCompile>
    <ClCompile Include="C:\Users\Howie\Documents\GitHub\peopleFlow\src\openpose\core\scaleAndSizeExtractor.cpp">
      <Filter>Source Files\core</Filter>
    </ClCompile>
    <ClCompile Include="C:\Users\Howie\Documents\GitHub\peopleFlow\src\openpose\face\defineTemplates.cpp">
      <Filter>Source Files\face</Filter>
    </ClCompile>
    <ClCompile Include="C:\Users\Howie\Documents\GitHub\peopleFlow\src\openpose\face\faceDetector.cpp">
      <Filter>Source Files\face</Filter>
    </ClCompile>
    <ClCompile Include="C:\Users\Howie\Documents\GitHub\peopleFlow\src\openpose\face\faceDetectorOpenCV.cpp">
      <Filter>Source Files\face</Filter>
    </ClCompile>
    <ClCompile Include="C:\Users\Howie\Documents\GitHub\peopleFlow\src\openpose\face\faceExtractorCaffe.cpp">
      <Filter>Source Files\face</Filter>
    </ClCompile>
    <ClCompile Include="C:\Users\Howie\Documents\GitHub\peopleFlow\src\openpose\face\faceExtractorNet.cpp">
      <Filter>Source Files\face</Filter>
    </ClCompile>
    <ClCompile Include="C:\Users\Howie\Documents\GitHub\peopleFlow\src\openpose\face\faceCpuRenderer.cpp">
      <Filter>Source Files\face</Filter>
    </ClCompile>
    <ClCompile Include="C:\Users\Howie\Documents\GitHub\peopleFlow\src\openpose\face\faceGpuRenderer.cpp">
      <Filter>Source Files\face</Filter>
    </ClCompile>
    <ClCompile Include="C:\Users\Howie\Documents\GitHub\peopleFlow\src\openpose\face\faceRenderer.cpp">
      <Filter>Source Files\face</Filter>
    </ClCompile>
    <ClCompile Include="C:\Users\Howie\Documents\GitHub\peopleFlow\src\openpose\face\renderFace.cpp">
      <Filter>Source Files\face</Filter>
    </ClCompile>
    <ClCompile Include="C:\Users\Howie\Documents\GitHub\peopleFlow\src\openpose\filestream\bvhSaver.cpp">
      <Filter>Source Files\filestream</Filter>
    </ClCompile>
    <ClCompile Include="C:\Users\Howie\Documents\GitHub\peopleFlow\src\openpose\filestream\cocoJsonSaver.cpp">
      <Filter>Source Files\filestream</Filter>
    </ClCompile>
    <ClCompile Include="C:\Users\Howie\Documents\GitHub\peopleFlow\src\openpose\filestream\defineTemplates.cpp">
      <Filter>Source Files\filestream</Filter>
    </ClCompile>
    <ClCompile Include="C:\Users\Howie\Documents\GitHub\peopleFlow\src\openpose\filestream\fileSaver.cpp">
      <Filter>Source Files\filestream</Filter>
    </ClCompile>
    <ClCompile Include="C:\Users\Howie\Documents\GitHub\peopleFlow\src\openpose\filestream\fileStream.cpp">
      <Filter>Source Files\filestream</Filter>
    </ClCompile>
    <ClCompile Include="C:\Users\Howie\Documents\GitHub\peopleFlow\src\openpose\filestream\heatMapSaver.cpp">
      <Filter>Source Files\filestream</Filter>
    </ClCompile>
    <ClCompile Include="C:\Users\Howie\Documents\GitHub\peopleFlow\src\openpose\filestream\imageSaver.cpp">
      <Filter>Source Files\filestream</Filter>
    </ClCompile>
    <ClCompile Include="C:\Users\Howie\Documents\GitHub\peopleFlow\src\openpose\filestream\jsonOfstream.cpp">
      <Filter>Source Files\filestream</Filter>
    </ClCompile>
    <ClCompile Include="C:\Users\Howie\Documents\GitHub\peopleFlow\src\openpose\filestream\keypointSaver.cpp">
      <Filter>Source Files\filestream</Filter>
    </ClCompile>
    <ClCompile Include="C:\Users\Howie\Documents\GitHub\peopleFlow\src\openpose\filestream\peopleJsonSaver.cpp">
      <Filter>Source Files\filestream</Filter>
    </ClCompile>
    <ClCompile Include="C:\Users\Howie\Documents\GitHub\peopleFlow\src\openpose\filestream\udpSender.cpp">
      <Filter>Source Files\filestream</Filter>
    </ClCompile>
    <ClCompile Include="C:\Users\Howie\Documents\GitHub\peopleFlow\src\openpose\filestream\videoSaver.cpp">
      <Filter>Source Files\filestream</Filter>
    </ClCompile>
    <ClCompile Include="C:\Users\Howie\Documents\GitHub\peopleFlow\src\openpose\gpu\cuda.cpp">
      <Filter>Source Files\gpu</Filter>
    </ClCompile>
    <ClCompile Include="C:\Users\Howie\Documents\GitHub\peopleFlow\src\openpose\gpu\gpu.cpp">
      <Filter>Source Files\gpu</Filter>
    </ClCompile>
    <ClCompile Include="C:\Users\Howie\Documents\GitHub\peopleFlow\src\openpose\gpu\opencl.cpp">
      <Filter>Source Files\gpu</Filter>
    </ClCompile>
    <ClCompile Include="C:\Users\Howie\Documents\GitHub\peopleFlow\src\openpose\gui\defineTemplates.cpp">
      <Filter>Source Files\gui</Filter>
    </ClCompile>
    <ClCompile Include="C:\Users\Howie\Documents\GitHub\peopleFlow\src\openpose\gui\frameDisplayer.cpp">
      <Filter>Source Files\gui</Filter>
    </ClCompile>
    <ClCompile Include="C:\Users\Howie\Documents\GitHub\peopleFlow\src\openpose\gui\gui.cpp">
      <Filter>Source Files\gui</Filter>
    </ClCompile>
    <ClCompile Include="C:\Users\Howie\Documents\GitHub\peopleFlow\src\openpose\gui\guiAdam.cpp">
      <Filter>Source Files\gui</Filter>
    </ClCompile>
    <ClCompile Include="C:\Users\Howie\Documents\GitHub\peopleFlow\src\openpose\gui\gui3D.cpp">
      <Filter>Source Files\gui</Filter>
    </ClCompile>
    <ClCompile Include="C:\Users\Howie\Documents\GitHub\peopleFlow\src\openpose\gui\guiInfoAdder.cpp">
      <Filter>Source Files\gui</Filter>
    </ClCompile>
    <ClCompile Include="C:\Users\Howie\Documents\GitHub\peopleFlow\src\openpose\hand\defineTemplates.cpp">
      <Filter>Source Files\hand</Filter>
    </ClCompile>
    <ClCompile Include="C:\Users\Howie\Documents\GitHub\peopleFlow\src\openpose\hand\handDetector.cpp">
      <Filter>Source Files\hand</Filter>
    </ClCompile>
    <ClCompile Include="C:\Users\Howie\Documents\GitHub\peopleFlow\src\openpose\hand\handDetectorFromTxt.cpp">
      <Filter>Source Files\hand</Filter>
    </ClCompile>
    <ClCompile Include="C:\Users\Howie\Documents\GitHub\peopleFlow\src\openpose\hand\handExtractorCaffe.cpp">
      <Filter>Source Files\hand</Filter>
    </ClCompile>
    <ClCompile Include="C:\Users\Howie\Documents\GitHub\peopleFlow\src\openpose\hand\handExtractorNet.cpp">
      <Filter>Source Files\hand</Filter>
    </ClCompile>
    <ClCompile Include="C:\Users\Howie\Documents\GitHub\peopleFlow\src\openpose\hand\handCpuRenderer.cpp">
      <Filter>Source Files\hand</Filter>
    </ClCompile>
    <ClCompile Include="C:\Users\Howie\Documents\GitHub\peopleFlow\src\openpose\hand\handGpuRenderer.cpp">
      <Filter>Source Files\hand</Filter>
    </ClCompile>
    <ClCompile Include="C:\Users\Howie\Documents\GitHub\peopleFlow\src\openpose\hand\handRenderer.cpp">
      <Filter>Source Files\hand</Filter>
    </ClCompile>
    <ClCompile Include="C:\Users\Howie\Documents\GitHub\peopleFlow\src\openpose\hand\renderHand.cpp">
      <Filter>Source Files\hand</Filter>
    </ClCompile>
    <ClCompile Include="C:\Users\Howie\Documents\GitHub\peopleFlow\src\openpose\net\maximumBase.cpp">
      <Filter>Source Files\net</Filter>
    </ClCompile>
    <ClCompile Include="C:\Users\Howie\Documents\GitHub\peopleFlow\src\openpose\net\maximumCaffe.cpp">
      <Filter>Source Files\net</Filter>
    </ClCompile>
    <ClCompile Include="C:\Users\Howie\Documents\GitHub\peopleFlow\src\openpose\net\netCaffe.cpp">
      <Filter>Source Files\net</Filter>
    </ClCompile>
    <ClCompile Include="C:\Users\Howie\Documents\GitHub\peopleFlow\src\openpose\net\nmsBase.cpp">
      <Filter>Source Files\net</Filter>
    </ClCompile>
    <ClCompile Include="C:\Users\Howie\Documents\GitHub\peopleFlow\src\openpose\net\nmsBaseCL.cpp">
      <Filter>Source Files\net</Filter>
    </ClCompile>
    <ClCompile Include="C:\Users\Howie\Documents\GitHub\peopleFlow\src\openpose\net\nmsCaffe.cpp">
      <Filter>Source Files\net</Filter>
    </ClCompile>
    <ClCompile Include="C:\Users\Howie\Documents\GitHub\peopleFlow\src\openpose\net\resizeAndMergeBase.cpp">
      <Filter>Source Files\net</Filter>
    </ClCompile>
    <ClCompile Include="C:\Users\Howie\Documents\GitHub\peopleFlow\src\openpose\net\resizeAndMergeBaseCL.cpp">
      <Filter>Source Files\net</Filter>
    </ClCompile>
    <ClCompile Include="C:\Users\Howie\Documents\GitHub\peopleFlow\src\openpose\net\resizeAndMergeCaffe.cpp">
      <Filter>Source Files\net</Filter>
    </ClCompile>
    <ClCompile Include="C:\Users\Howie\Documents\GitHub\peopleFlow\src\openpose\pose\bodyPartConnectorBase.cpp">
      <Filter>Source Files\pose</Filter>
    </ClCompile>
    <ClCompile Include="C:\Users\Howie\Documents\GitHub\peopleFlow\src\openpose\pose\bodyPartConnectorCaffe.cpp">
      <Filter>Source Files\pose</Filter>
    </ClCompile>
    <ClCompile Include="C:\Users\Howie\Documents\GitHub\peopleFlow\src\openpose\pose\defineTemplates.cpp">
      <Filter>Source Files\pose</Filter>
    </ClCompile>
    <ClCompile Include="C:\Users\Howie\Documents\GitHub\peopleFlow\src\openpose\pose\poseCpuRenderer.cpp">
      <Filter>Source Files\pose</Filter>
    </ClCompile>
    <ClCompile Include="C:\Users\Howie\Documents\GitHub\peopleFlow\src\openpose\pose\poseExtractor.cpp">
      <Filter>Source Files\pose</Filter>
    </ClCompile>
    <ClCompile Include="C:\Users\Howie\Documents\GitHub\peopleFlow\src\openpose\pose\poseExtractorCaffe.cpp">
      <Filter>Source Files\pose</Filter>
    </ClCompile>
    <ClCompile Include="C:\Users\Howie\Documents\GitHub\peopleFlow\src\openpose\pose\poseExtractorNet.cpp">
      <Filter>Source Files\pose</Filter>
    </ClCompile>
    <ClCompile Include="C:\Users\Howie\Documents\GitHub\peopleFlow\src\openpose\pose\poseGpuRenderer.cpp">
      <Filter>Source Files\pose</Filter>
    </ClCompile>
    <ClCompile Include="C:\Users\Howie\Documents\GitHub\peopleFlow\src\openpose\pose\poseParameters.cpp">
      <Filter>Source Files\pose</Filter>
    </ClCompile>
    <ClCompile Include="C:\Users\Howie\Documents\GitHub\peopleFlow\src\openpose\pose\poseParametersRender.cpp">
      <Filter>Source Files\pose</Filter>
    </ClCompile>
    <ClCompile Include="C:\Users\Howie\Documents\GitHub\peopleFlow\src\openpose\pose\poseRenderer.cpp">
      <Filter>Source Files\pose</Filter>
    </ClCompile>
    <ClCompile Include="C:\Users\Howie\Documents\GitHub\peopleFlow\src\openpose\pose\renderPose.cpp">
      <Filter>Source Files\pose</Filter>
    </ClCompile>
    <ClCompile Include="C:\Users\Howie\Documents\GitHub\peopleFlow\src\openpose\producer\defineTemplates.cpp">
      <Filter>Source Files\producer</Filter>
    </ClCompile>
    <ClCompile Include="C:\Users\Howie\Documents\GitHub\peopleFlow\src\openpose\producer\flirReader.cpp">
      <Filter>Source Files\producer</Filter>
    </ClCompile>
    <ClCompile Include="C:\Users\Howie\Documents\GitHub\peopleFlow\src\openpose\producer\imageDirectoryReader.cpp">
      <Filter>Source Files\producer</Filter>
    </ClCompile>
    <ClCompile Include="C:\Users\Howie\Documents\GitHub\peopleFlow\src\openpose\producer\ipCameraReader.cpp">
      <Filter>Source Files\producer</Filter>
    </ClCompile>
    <ClCompile Include="C:\Users\Howie\Documents\GitHub\peopleFlow\src\openpose\producer\producer.cpp">
      <Filter>Source Files\producer</Filter>
    </ClCompile>
    <ClCompile Include="C:\Users\Howie\Documents\GitHub\peopleFlow\src\openpose\producer\spinnakerWrapper.cpp">
      <Filter>Source Files\producer</Filter>
    </ClCompile>
    <ClCompile Include="C:\Users\Howie\Documents\GitHub\peopleFlow\src\openpose\producer\videoCaptureReader.cpp">
      <Filter>Source Files\producer</Filter>
    </ClCompile>
    <ClCompile Include="C:\Users\Howie\Documents\GitHub\peopleFlow\src\openpose\producer\videoReader.cpp">
      <Filter>Source Files\producer</Filter>
    </ClCompile>
    <ClCompile Include="C:\Users\Howie\Documents\GitHub\peopleFlow\src\openpose\producer\webcamReader.cpp">
      <Filter>Source Files\producer</Filter>
    </ClCompile>
    <ClCompile Include="C:\Users\Howie\Documents\GitHub\peopleFlow\src\openpose\thread\defineTemplates.cpp">
      <Filter>Source Files\thread</Filter>
    </ClCompile>
    <ClCompile Include="C:\Users\Howie\Documents\GitHub\peopleFlow\src\openpose\tracking\defineTemplates.cpp">
      <Filter>Source Files\tracking</Filter>
    </ClCompile>
    <ClCompile Include="C:\Users\Howie\Documents\GitHub\peopleFlow\src\openpose\tracking\personIdExtractor.cpp">
      <Filter>Source Files\tracking</Filter>
    </ClCompile>
    <ClCompile Include="C:\Users\Howie\Documents\GitHub\peopleFlow\src\openpose\tracking\personTracker.cpp">
      <Filter>Source Files\tracking</Filter>
    </ClCompile>
    <ClCompile Include="C:\Users\Howie\Documents\GitHub\peopleFlow\src\openpose\tracking\pyramidalLK.cpp">
      <Filter>Source Files\tracking</Filter>
    </ClCompile>
    <ClCompile Include="C:\Users\Howie\Documents\GitHub\peopleFlow\src\openpose\utilities\errorAndLog.cpp">
      <Filter>Source Files\utilities</Filter>
    </ClCompile>
    <ClCompile Include="C:\Users\Howie\Documents\GitHub\peopleFlow\src\openpose\utilities\fileSystem.cpp">
      <Filter>Source Files\utilities</Filter>
    </ClCompile>
    <ClCompile Include="C:\Users\Howie\Documents\GitHub\peopleFlow\src\openpose\utilities\flagsToOpenPose.cpp">
      <Filter>Source Files\utilities</Filter>
    </ClCompile>
    <ClCompile Include="C:\Users\Howie\Documents\GitHub\peopleFlow\src\openpose\utilities\keypoint.cpp">
      <Filter>Source Files\utilities</Filter>
    </ClCompile>
    <ClCompile Include="C:\Users\Howie\Documents\GitHub\peopleFlow\src\openpose\utilities\openCv.cpp">
      <Filter>Source Files\utilities</Filter>
    </ClCompile>
    <ClCompile Include="C:\Users\Howie\Documents\GitHub\peopleFlow\src\openpose\utilities\profiler.cpp">
      <Filter>Source Files\utilities</Filter>
    </ClCompile>
    <ClCompile Include="C:\Users\Howie\Documents\GitHub\peopleFlow\src\openpose\utilities\string.cpp">
      <Filter>Source Files\utilities</Filter>
    </ClCompile>
    <ClCompile Include="C:\Users\Howie\Documents\GitHub\peopleFlow\src\openpose\wrapper\defineTemplates.cpp">
      <Filter>Source Files\wrapper</Filter>
    </ClCompile>
    <ClCompile Include="C:\Users\Howie\Documents\GitHub\peopleFlow\src\openpose\wrapper\wrapperAuxiliary.cpp">
      <Filter>Source Files\wrapper</Filter>
    </ClCompile>
    <ClCompile Include="C:\Users\Howie\Documents\GitHub\peopleFlow\src\openpose\wrapper\wrapperStructExtra.cpp">
      <Filter>Source Files\wrapper</Filter>
    </ClCompile>
    <ClCompile Include="C:\Users\Howie\Documents\GitHub\peopleFlow\src\openpose\wrapper\wrapperStructFace.cpp">
      <Filter>Source Files\wrapper</Filter>
    </ClCompile>
    <ClCompile Include="C:\Users\Howie\Documents\GitHub\peopleFlow\src\openpose\wrapper\wrapperStructHand.cpp">
      <Filter>Source Files\wrapper</Filter>
    </ClCompile>
    <ClCompile Include="C:\Users\Howie\Documents\GitHub\peopleFlow\src\openpose\wrapper\wrapperStructInput.cpp">
      <Filter>Source Files\wrapper</Filter>
    </ClCompile>
    <ClCompile Include="C:\Users\Howie\Documents\GitHub\peopleFlow\src\openpose\wrapper\wrapperStructOutput.cpp">
      <Filter>Source Files\wrapper</Filter>
    </ClCompile>
    <ClCompile Include="C:\Users\Howie\Documents\GitHub\peopleFlow\src\openpose\wrapper\wrapperStructPose.cpp">
      <Filter>Source Files\wrapper</Filter>
    </ClCompile>
  </ItemGroup>
  <ItemGroup>
    <CustomBuild Include="C:\Users\Howie\Documents\GitHub\peopleFlow\src\openpose\face\renderFace.cu">
      <Filter>Source Files\face</Filter>
    </CustomBuild>
    <CustomBuild Include="C:\Users\Howie\Documents\GitHub\peopleFlow\src\openpose\hand\renderHand.cu">
      <Filter>Source Files\hand</Filter>
    </CustomBuild>
    <CustomBuild Include="C:\Users\Howie\Documents\GitHub\peopleFlow\src\openpose\net\maximumBase.cu">
      <Filter>Source Files\net</Filter>
    </CustomBuild>
    <CustomBuild Include="C:\Users\Howie\Documents\GitHub\peopleFlow\src\openpose\net\nmsBase.cu">
      <Filter>Source Files\net</Filter>
    </CustomBuild>
    <CustomBuild Include="C:\Users\Howie\Documents\GitHub\peopleFlow\src\openpose\net\resizeAndMergeBase.cu">
      <Filter>Source Files\net</Filter>
    </CustomBuild>
    <CustomBuild Include="C:\Users\Howie\Documents\GitHub\peopleFlow\src\openpose\pose\bodyPartConnectorBase.cu">
      <Filter>Source Files\pose</Filter>
    </CustomBuild>
    <CustomBuild Include="C:\Users\Howie\Documents\GitHub\peopleFlow\src\openpose\pose\renderPose.cu">
      <Filter>Source Files\pose</Filter>
    </CustomBuild>
    <CustomBuild Include="C:\Users\Howie\Documents\GitHub\peopleFlow\src\openpose\tracking\pyramidalLK.cu">
      <Filter>Source Files\tracking</Filter>
    </CustomBuild>
  </ItemGroup>
  <ItemGroup>
    <Object Include="C:\Users\Howie\Documents\GitHub\peopleFlow\windows\src\openpose\CMakeFiles\openpose.dir\face\$(Configuration)\openpose_generated_renderFace.cu.obj">
      <Filter>Object Files</Filter>
    </Object>
    <Object Include="C:\Users\Howie\Documents\GitHub\peopleFlow\windows\src\openpose\CMakeFiles\openpose.dir\hand\$(Configuration)\openpose_generated_renderHand.cu.obj">
      <Filter>Object Files</Filter>
    </Object>
    <Object Include="C:\Users\Howie\Documents\GitHub\peopleFlow\windows\src\openpose\CMakeFiles\openpose.dir\net\$(Configuration)\openpose_generated_maximumBase.cu.obj">
      <Filter>Object Files</Filter>
    </Object>
    <Object Include="C:\Users\Howie\Documents\GitHub\peopleFlow\windows\src\openpose\CMakeFiles\openpose.dir\net\$(Configuration)\openpose_generated_nmsBase.cu.obj">
      <Filter>Object Files</Filter>
    </Object>
    <Object Include="C:\Users\Howie\Documents\GitHub\peopleFlow\windows\src\openpose\CMakeFiles\openpose.dir\net\$(Configuration)\openpose_generated_resizeAndMergeBase.cu.obj">
      <Filter>Object Files</Filter>
    </Object>
    <Object Include="C:\Users\Howie\Documents\GitHub\peopleFlow\windows\src\openpose\CMakeFiles\openpose.dir\pose\$(Configuration)\openpose_generated_bodyPartConnectorBase.cu.obj">
      <Filter>Object Files</Filter>
    </Object>
    <Object Include="C:\Users\Howie\Documents\GitHub\peopleFlow\windows\src\openpose\CMakeFiles\openpose.dir\pose\$(Configuration)\openpose_generated_renderPose.cu.obj">
      <Filter>Object Files</Filter>
    </Object>
    <Object Include="C:\Users\Howie\Documents\GitHub\peopleFlow\windows\src\openpose\CMakeFiles\openpose.dir\tracking\$(Configuration)\openpose_generated_pyramidalLK.cu.obj">
      <Filter>Object Files</Filter>
    </Object>
  </ItemGroup>
  <ItemGroup>
    <Filter Include="Object Files">
      <UniqueIdentifier>{FCA8E82E-1BAA-33CC-81BD-C8AB5E8FC1BC}</UniqueIdentifier>
    </Filter>
    <Filter Include="Source Files">
      <UniqueIdentifier>{D02B9CD9-0968-30CA-B41A-B7D1CB3C1EA3}</UniqueIdentifier>
    </Filter>
    <Filter Include="Source Files\3d">
      <UniqueIdentifier>{105B6854-EF5C-3FB9-B7C1-A0FC1232C994}</UniqueIdentifier>
    </Filter>
    <Filter Include="Source Files\calibration">
      <UniqueIdentifier>{392E87FE-05C5-3322-92AF-8D664C7A5A03}</UniqueIdentifier>
    </Filter>
    <Filter Include="Source Files\core">
      <UniqueIdentifier>{1F9FE3E5-6CC8-3ABB-890D-5D63B400DDAA}</UniqueIdentifier>
    </Filter>
    <Filter Include="Source Files\face">
      <UniqueIdentifier>{EDB26A28-B5D9-3E5C-9B33-B77BDB69C636}</UniqueIdentifier>
    </Filter>
    <Filter Include="Source Files\filestream">
      <UniqueIdentifier>{64852496-FE6A-3AD2-B49B-E3DCE6D88F07}</UniqueIdentifier>
    </Filter>
    <Filter Include="Source Files\gpu">
      <UniqueIdentifier>{EC94AB0D-A3F8-3906-896E-B2A4FB489B47}</UniqueIdentifier>
    </Filter>
    <Filter Include="Source Files\gui">
      <UniqueIdentifier>{AD2EC054-BA89-351D-9B0E-617D0470CA3D}</UniqueIdentifier>
    </Filter>
    <Filter Include="Source Files\hand">
      <UniqueIdentifier>{1C902CE9-4281-325C-B083-32D494AD194F}</UniqueIdentifier>
    </Filter>
    <Filter Include="Source Files\net">
      <UniqueIdentifier>{E5AA867F-4170-3672-AA06-3AEFC2938721}</UniqueIdentifier>
    </Filter>
    <Filter Include="Source Files\pose">
      <UniqueIdentifier>{17AC92BA-6BDE-3BCC-9E81-A416B406EEF8}</UniqueIdentifier>
    </Filter>
    <Filter Include="Source Files\producer">
      <UniqueIdentifier>{102852BB-D275-3AFB-ADD5-B9968198EAEB}</UniqueIdentifier>
    </Filter>
    <Filter Include="Source Files\thread">
      <UniqueIdentifier>{08D10733-9AE4-39AE-915C-0668CE2AA070}</UniqueIdentifier>
    </Filter>
    <Filter Include="Source Files\tracking">
      <UniqueIdentifier>{9E17D294-E8B1-3467-91F3-FAE32C716EDB}</UniqueIdentifier>
    </Filter>
    <Filter Include="Source Files\utilities">
      <UniqueIdentifier>{23CCBF7E-E370-3398-9B52-EC111FFA6564}</UniqueIdentifier>
    </Filter>
    <Filter Include="Source Files\wrapper">
      <UniqueIdentifier>{8A3603EE-743B-3FA9-B317-CF4EDFD771E9}</UniqueIdentifier>
    </Filter>
  </ItemGroup>
</Project>
